
Microsoft Visual Studio Solution File, Format Version 12.00
# Visual Studio Version 17
VisualStudioVersion = 17.9.34701.34
MinimumVisualStudioVersion = 10.0.40219.1
Project("{FAE04EC0-301F-11D3-BF4B-00C04F79EFBC}") = "PandoofMenu", "PandoofMenu.csproj", "{23ACA36C-4F4E-4744-A248-6F2696B8A4D8}"
EndProject
Global
	GlobalSection(SolutionConfigurationPlatforms) = preSolution
		Debug|Any CPU = Debug|Any CPU
		Release|Any CPU = Release|Any CPU
	EndGlobalSection
	GlobalSection(ProjectConfigurationPlatforms) = postSolution
		{23ACA36C-4F4E-4744-A248-6F2696B8A4D8}.Debug|Any CPU.ActiveCfg = Debug|Any CPU
		{23ACA36C-4F4E-4744-A248-6F2696B8A4D8}.Debug|Any CPU.Build.0 = Debug|Any CPU
		{23ACA36C-4F4E-4744-A248-6F2696B8A4D8}.Release|Any CPU.ActiveCfg = Release|Any CPU
		{23ACA36C-4F4E-4744-A248-6F2696B8A4D8}.Release|Any CPU.Build.0 = Release|Any CPU
	EndGlobalSection
	GlobalSection(SolutionProperties) = preSolution
		HideSolutionNode = FALSE
	EndGlobalSection
	GlobalSection(ExtensibilityGlobals) = postSolution
		SolutionGuid = {B561B813-8103-427A-B136-FF3A28C9E311}
	EndGlobalSection
EndGlobal
